
Microsoft Visual Studio Solution File, Format Version 12.00
# Visual Studio Version 17
VisualStudioVersion = 17.8.34525.116
MinimumVisualStudioVersion = 10.0.40219.1
Project("{FAE04EC0-301F-11D3-BF4B-00C04F79EFBC}") = "LinqLab2", "LinqLab2\LinqLab2.csproj", "{8590EF76-6B24-48AB-B352-E0CFD3901448}"
EndProject
Global
	GlobalSection(SolutionConfigurationPlatforms) = preSolution
		Debug|Any CPU = Debug|Any CPU
		Release|Any CPU = Release|Any CPU
	EndGlobalSection
	GlobalSection(ProjectConfigurationPlatforms) = postSolution
		{8590EF76-6B24-48AB-B352-E0CFD3901448}.Debug|Any CPU.ActiveCfg = Debug|Any CPU
		{8590EF76-6B24-48AB-B352-E0CFD3901448}.Debug|Any CPU.Build.0 = Debug|Any CPU
		{8590EF76-6B24-48AB-B352-E0CFD3901448}.Release|Any CPU.ActiveCfg = Release|Any CPU
		{8590EF76-6B24-48AB-B352-E0CFD3901448}.Release|Any CPU.Build.0 = Release|Any CPU
	EndGlobalSection
	GlobalSection(SolutionProperties) = preSolution
		HideSolutionNode = FALSE
	EndGlobalSection
	GlobalSection(ExtensibilityGlobals) = postSolution
		SolutionGuid = {A115BE69-1DB5-40FB-9B3E-98DC722CD58F}
	EndGlobalSection
EndGlobal
