
Microsoft Visual Studio Solution File, Format Version 12.00
# Visual Studio Version 17
VisualStudioVersion = 17.8.34525.116
MinimumVisualStudioVersion = 10.0.40219.1
Project("{FAE04EC0-301F-11D3-BF4B-00C04F79EFBC}") = "LinQLab1", "LinQLab1\LinQLab1.csproj", "{B9051B79-3F2B-4862-978E-A9B5EF2F8BAA}"
EndProject
Global
	GlobalSection(SolutionConfigurationPlatforms) = preSolution
		Debug|Any CPU = Debug|Any CPU
		Release|Any CPU = Release|Any CPU
	EndGlobalSection
	GlobalSection(ProjectConfigurationPlatforms) = postSolution
		{B9051B79-3F2B-4862-978E-A9B5EF2F8BAA}.Debug|Any CPU.ActiveCfg = Debug|Any CPU
		{B9051B79-3F2B-4862-978E-A9B5EF2F8BAA}.Debug|Any CPU.Build.0 = Debug|Any CPU
		{B9051B79-3F2B-4862-978E-A9B5EF2F8BAA}.Release|Any CPU.ActiveCfg = Release|Any CPU
		{B9051B79-3F2B-4862-978E-A9B5EF2F8BAA}.Release|Any CPU.Build.0 = Release|Any CPU
	EndGlobalSection
	GlobalSection(SolutionProperties) = preSolution
		HideSolutionNode = FALSE
	EndGlobalSection
	GlobalSection(ExtensibilityGlobals) = postSolution
		SolutionGuid = {0A4FC925-0E2F-49C4-AFA5-C86710BC1873}
	EndGlobalSection
EndGlobal
